{
  "name": "gmail-clone",
  "version": "1.0.0",
  "lockfileVersion": 3,
  "requires": true,
  "packages": {
    "": {
      "name": "gmail-clone",
      "version": "1.0.0",
      "hasInstallScript": true,
      "license": "BSD-3-Clause",
      "engines": {
        "node": "14.19.1"
      }
    }
  }
}
